// !$*UTF8*$!
{
	archiveVersion = 1;
	classes = {
	};
	objectVersion = 48;
	objects = {

/* Begin PBXBuildFile section */
		779373E41F1368600075824D /* AppDelegate.swift in Sources */ = {isa = PBXBuildFile; fileRef = 779373E31F1368600075824D /* AppDelegate.swift */; };
		779373E61F1368600075824D /* FirstViewController.swift in Sources */ = {isa = PBXBuildFile; fileRef = 779373E51F1368600075824D /* FirstViewController.swift */; };
		779373E81F1368600075824D /* SecondViewController.swift in Sources */ = {isa = PBXBuildFile; fileRef = 779373E71F1368600075824D /* SecondViewController.swift */; };
		779373EB1F1368600075824D /* Main.storyboard in Resources */ = {isa = PBXBuildFile; fileRef = 779373E91F1368600075824D /* Main.storyboard */; };
		779373ED1F1368600075824D /* Assets.xcassets in Resources */ = {isa = PBXBuildFile; fileRef = 779373EC1F1368600075824D /* Assets.xcassets */; };
		779373F01F1368600075824D /* LaunchScreen.storyboard in Resources */ = {isa = PBXBuildFile; fileRef = 779373EE1F1368600075824D /* LaunchScreen.storyboard */; };
/* End PBXBuildFile section */

/* Begin PBXFileReference section */
		779373E01F1368600075824D /* TestingUniversalTabBars.app */ = {isa = PBXFileReference; explicitFileType = wrapper.application; includeInIndex = 0; path = TestingUniversalTabBars.app; sourceTree = BUILT_PRODUCTS_DIR; };
		779373E31F1368600075824D /* AppDelegate.swift */ = {isa = PBXFileReference; lastKnownFileType = sourcecode.swift; path = AppDelegate.swift; sourceTree = "<group>"; };
		779373E51F1368600075824D /* FirstViewController.swift */ = {isa = PBXFileReference; lastKnownFileType = sourcecode.swift; path = FirstViewController.swift; sourceTree = "<group>"; };
		779373E71F1368600075824D /* SecondViewController.swift */ = {isa = PBXFileReference; lastKnownFileType = sourcecode.swift; path = SecondViewController.swift; sourceTree = "<group>"; };
		779373EA1F1368600075824D /* Base */ = {isa = PBXFileReference; lastKnownFileType = file.storyboard; name = Base; path = Base.lproj/Main.storyboard; sourceTree = "<group>"; };
		779373EC1F1368600075824D /* Assets.xcassets */ = {isa = PBXFileReference; lastKnownFileType = folder.assetcatalog; path = Assets.xcassets; sourceTree = "<group>"; };
		779373EF1F1368600075824D /* Base */ = {isa = PBXFileReference; lastKnownFileType = file.storyboard; name = Base; path = Base.lproj/LaunchScreen.storyboard; sourceTree = "<group>"; };
		779373F11F1368600075824D /* Info.plist */ = {isa = PBXFileReference; lastKnownFileType = text.plist.xml; path = Info.plist; sourceTree = "<group>"; };
/* End PBXFileReference section */

/* Begin PBXFrameworksBuildPhase section */
		779373DD1F1368600075824D /* Frameworks */ = {
			isa = PBXFrameworksBuildPhase;
			buildActionMask = 2147483647;
			files = (
			);
			runOnlyForDeploymentPostprocessing = 0;
		};
/* End PBXFrameworksBuildPhase section */

/* Begin PBXGroup section */
		779373D71F1368600075824D = {
			isa = PBXGroup;
			children = (
				779373E21F1368600075824D /* TestingUniversalTabBars */,
				779373E11F1368600075824D /* Products */,
			);
			sourceTree = "<group>";
		};
		779373E11F1368600075824D /* Products */ = {
			isa = PBXGroup;
			children = (
				779373E01F1368600075824D /* TestingUniversalTabBars.app */,
			);
			name = Products;
			sourceTree = "<group>";
		};
		779373E21F1368600075824D /* TestingUniversalTabBars */ = {
			isa = PBXGroup;
			children = (
				779373E31F1368600075824D /* AppDelegate.swift */,
				779373E51F1368600075824D /* FirstViewController.swift */,
				779373E71F1368600075824D /* SecondViewController.swift */,
				779373E91F1368600075824D /* Main.storyboard */,
				779373EC1F1368600075824D /* Assets.xcassets */,
				779373EE1F1368600075824D /* LaunchScreen.storyboard */,
				779373F11F1368600075824D /* Info.plist */,
			);
			path = TestingUniversalTabBars;
			sourceTree = "<group>";
		};
/* End PBXGroup section */

/* Begin PBXNativeTarget section */
		779373DF1F1368600075824D /* TestingUniversalTabBars */ = {
			isa = PBXNativeTarget;
			buildConfigurationList = 779373F41F1368600075824D /* Build configuration list for PBXNativeTarget "TestingUniversalTabBars" */;
			buildPhases = (
				779373DC1F1368600075824D /* Sources */,
				779373DD1F1368600075824D /* Frameworks */,
				779373DE1F1368600075824D /* Resources */,
			);
			buildRules = (
			);
			dependencies = (
			);
			name = TestingUniversalTabBars;
			productName = TestingUniversalTabBars;
			productReference = 779373E01F1368600075824D /* TestingUniversalTabBars.app */;
			productType = "com.apple.product-type.application";
		};
/* End PBXNativeTarget section */

/* Begin PBXProject section */
		779373D81F1368600075824D /* Project object */ = {
			isa = PBXProject;
			attributes = {
				LastSwiftUpdateCheck = 0900;
				LastUpgradeCheck = 0900;
				ORGANIZATIONNAME = Mayur;
				TargetAttributes = {
					779373DF1F1368600075824D = {
						CreatedOnToolsVersion = 9.0;
					};
				};
			};
			buildConfigurationList = 779373DB1F1368600075824D /* Build configuration list for PBXProject "TestingUniversalTabBars" */;
			compatibilityVersion = "Xcode 8.0";
			developmentRegion = en;
			hasScannedForEncodings = 0;
			knownRegions = (
				en,
				Base,
			);
			mainGroup = 779373D71F1368600075824D;
			productRefGroup = 779373E11F1368600075824D /* Products */;
			projectDirPath = "";
			projectRoot = "";
			targets = (
				779373DF1F1368600075824D /* TestingUniversalTabBars */,
			);
		};
/* End PBXProject section */

/* Begin PBXResourcesBuildPhase section */
		779373DE1F1368600075824D /* Resources */ = {
			isa = PBXResourcesBuildPhase;
			buildActionMask = 2147483647;
			files = (
				779373F01F1368600075824D /* LaunchScreen.storyboard in Resources */,
				779373ED1F1368600075824D /* Assets.xcassets in Resources */,
				779373EB1F1368600075824D /* Main.storyboard in Resources */,
			);
			runOnlyForDeploymentPostprocessing = 0;
		};
/* End PBXResourcesBuildPhase section */

/* Begin PBXSourcesBuildPhase section */
		779373DC1F1368600075824D /* Sources */ = {
			isa = PBXSourcesBuildPhase;
			buildActionMask = 2147483647;
			files = (
				779373E81F1368600075824D /* SecondViewController.swift in Sources */,
				779373E41F1368600075824D /* AppDelegate.swift in Sources */,
				779373E61F1368600075824D /* FirstViewController.swift in Sources */,
			);
			runOnlyForDeploymentPostprocessing = 0;
		};
/* End PBXSourcesBuildPhase section */

/* Begin PBXVariantGroup section */
		779373E91F1368600075824D /* Main.storyboard */ = {
			isa = PBXVariantGroup;
			children = (
				779373EA1F1368600075824D /* Base */,
			);
			name = Main.storyboard;
			sourceTree = "<group>";
		};
		779373EE1F1368600075824D /* LaunchScreen.storyboard */ = {
			isa = PBXVariantGroup;
			children = (
				779373EF1F1368600075824D /* Base */,
			);
			name = LaunchScreen.storyboard;
			sourceTree = "<group>";
		};
/* End PBXVariantGroup section */

/* Begin XCBuildConfiguration section */
		779373F21F1368600075824D /* Debug */ = {
			isa = XCBuildConfiguration;
			buildSettings = {
				ALWAYS_SEARCH_USER_PATHS = NO;
				CLANG_ANALYZER_NONNULL = YES;
				CLANG_ANALYZER_NUMBER_OBJECT_CONVERSION = YES_AGGRESSIVE;
				CLANG_CXX_LANGUAGE_STANDARD = "gnu++14";
				CLANG_CXX_LIBRARY = "libc++";
				CLANG_ENABLE_MODULES = YES;
				CLANG_ENABLE_OBJC_ARC = YES;
				CLANG_WARN_BLOCK_CAPTURE_AUTORELEASING = YES;
				CLANG_WARN_BOOL_CONVERSION = YES;
				CLANG_WARN_COMMA = YES;
				CLANG_WARN_CONSTANT_CONVERSION = YES;
				CLANG_WARN_DIRECT_OBJC_ISA_USAGE = YES_ERROR;
				CLANG_WARN_DOCUMENTATION_COMMENTS = YES;
				CLANG_WARN_EMPTY_BODY = YES;
				CLANG_WARN_ENUM_CONVERSION = YES;
				CLANG_WARN_INFINITE_RECURSION = YES;
				CLANG_WARN_INT_CONVERSION = YES;
				CLANG_WARN_OBJC_ROOT_CLASS = YES_ERROR;
				CLANG_WARN_RANGE_LOOP_ANALYSIS = YES;
				CLANG_WARN_STRICT_PROTOTYPES = YES;
				CLANG_WARN_SUSPICIOUS_MOVE = YES;
				CLANG_WARN_UNGUARDED_AVAILABILITY = YES_AGGRESSIVE;
				CLANG_WARN_UNREACHABLE_CODE = YES;
				CLANG_WARN__DUPLICATE_METHOD_MATCH = YES;
				CODE_SIGN_IDENTITY = "iPhone Developer";
				COPY_PHASE_STRIP = NO;
				DEBUG_INFORMATION_FORMAT = dwarf;
				ENABLE_STRICT_OBJC_MSGSEND = YES;
				ENABLE_TESTABILITY = YES;
				GCC_C_LANGUAGE_STANDARD = gnu11;
				GCC_DYNAMIC_NO_PIC = NO;
				GCC_NO_COMMON_BLOCKS = YES;
				GCC_OPTIMIZATION_LEVEL = 0;
				GCC_PREPROCESSOR_DEFINITIONS = (
					"DEBUG=1",
					"$(inherited)",
				);
				GCC_WARN_64_TO_32_BIT_CONVERSION = YES;
				GCC_WARN_ABOUT_RETURN_TYPE = YES_ERROR;
				GCC_WARN_UNDECLARED_SELECTOR = YES;
				GCC_WARN_UNINITIALIZED_AUTOS = YES_AGGRESSIVE;
				GCC_WARN_UNUSED_FUNCTION = YES;
				GCC_WARN_UNUSED_VARIABLE = YES;
				IPHONEOS_DEPLOYMENT_TARGET = 11.0;
				MTL_ENABLE_DEBUG_INFO = YES;
				ONLY_ACTIVE_ARCH = YES;
				SDKROOT = iphoneos;
				SWIFT_ACTIVE_COMPILATION_CONDITIONS = DEBUG;
				SWIFT_OPTIMIZATION_LEVEL = "-Onone";
			};
			name = Debug;
		};
		779373F31F1368600075824D /* Release */ = {
			isa = XCBuildConfiguration;
			buildSettings = {
				ALWAYS_SEARCH_USER_PATHS = NO;
				CLANG_ANALYZER_NONNULL = YES;
				CLANG_ANALYZER_NUMBER_OBJECT_CONVERSION = YES_AGGRESSIVE;
				CLANG_CXX_LANGUAGE_STANDARD = "gnu++14";
				CLANG_CXX_LIBRARY = "libc++";
				CLANG_ENABLE_MODULES = YES;
				CLANG_ENABLE_OBJC_ARC = YES;
				CLANG_WARN_BLOCK_CAPTURE_AUTORELEASING = YES;
				CLANG_WARN_BOOL_CONVERSION = YES;
				CLANG_WARN_COMMA = YES;
				CLANG_WARN_CONSTANT_CONVERSION = YES;
				CLANG_WARN_DIRECT_OBJC_ISA_USAGE = YES_ERROR;
				CLANG_WARN_DOCUMENTATION_COMMENTS = YES;
				CLANG_WARN_EMPTY_BODY = YES;
				CLANG_WARN_ENUM_CONVERSION = YES;
				CLANG_WARN_INFINITE_RECURSION = YES;
				CLANG_WARN_INT_CONVERSION = YES;
				CLANG_WARN_OBJC_ROOT_CLASS = YES_ERROR;
				CLANG_WARN_RANGE_LOOP_ANALYSIS = YES;
				CLANG_WARN_STRICT_PROTOTYPES = YES;
				CLANG_WARN_SUSPICIOUS_MOVE = YES;
				CLANG_WARN_UNGUARDED_AVAILABILITY = YES_AGGRESSIVE;
				CLANG_WARN_UNREACHABLE_CODE = YES;
				CLANG_WARN__DUPLICATE_METHOD_MATCH = YES;
				CODE_SIGN_IDENTITY = "iPhone Developer";
				COPY_PHASE_STRIP = NO;
				DEBUG_INFORMATION_FORMAT = "dwarf-with-dsym";
				ENABLE_NS_ASSERTIONS = NO;
				ENABLE_STRICT_OBJC_MSGSEND = YES;
				GCC_C_LANGUAGE_STANDARD = gnu11;
				GCC_NO_COMMON_BLOCKS = YES;
				GCC_WARN_64_TO_32_BIT_CONVERSION = YES;
				GCC_WARN_ABOUT_RETURN_TYPE = YES_ERROR;
				GCC_WARN_UNDECLARED_SELECTOR = YES;
				GCC_WARN_UNINITIALIZED_AUTOS = YES_AGGRESSIVE;
				GCC_WARN_UNUSED_FUNCTION = YES;
				GCC_WARN_UNUSED_VARIABLE = YES;
				IPHONEOS_DEPLOYMENT_TARGET = 11.0;
				MTL_ENABLE_DEBUG_INFO = NO;
				SDKROOT = iphoneos;
				SWIFT_OPTIMIZATION_LEVEL = "-Owholemodule";
				VALIDATE_PRODUCT = YES;
			};
			name = Release;
		};
		779373F51F1368600075824D /* Debug */ = {
			isa = XCBuildConfiguration;
			buildSettings = {
				ASSETCATALOG_COMPILER_APPICON_NAME = AppIcon;
				INFOPLIST_FILE = TestingUniversalTabBars/Info.plist;
				LD_RUNPATH_SEARCH_PATHS = "$(inherited) @executable_path/Frameworks";
				PRODUCT_BUNDLE_IDENTIFIER = Mayur.TestingUniversalTabBars;
				PRODUCT_NAME = "$(TARGET_NAME)";
				SWIFT_VERSION = 4.0;
				TARGETED_DEVICE_FAMILY = "1,2";
			};
			name = Debug;
		};
		779373F61F1368600075824D /* Release */ = {
			isa = XCBuildConfiguration;
			buildSettings = {
				ASSETCATALOG_COMPILER_APPICON_NAME = AppIcon;
				INFOPLIST_FILE = TestingUniversalTabBars/Info.plist;
				LD_RUNPATH_SEARCH_PATHS = "$(inherited) @executable_path/Frameworks";
				PRODUCT_BUNDLE_IDENTIFIER = Mayur.TestingUniversalTabBars;
				PRODUCT_NAME = "$(TARGET_NAME)";
				SWIFT_VERSION = 4.0;
				TARGETED_DEVICE_FAMILY = "1,2";
			};
			name = Release;
		};
/* End XCBuildConfiguration section */

/* Begin XCConfigurationList section */
		779373DB1F1368600075824D /* Build configuration list for PBXProject "TestingUniversalTabBars" */ = {
			isa = XCConfigurationList;
			buildConfigurations = (
				779373F21F1368600075824D /* Debug */,
				779373F31F1368600075824D /* Release */,
			);
			defaultConfigurationIsVisible = 0;
			defaultConfigurationName = Release;
		};
		779373F41F1368600075824D /* Build configuration list for PBXNativeTarget "TestingUniversalTabBars" */ = {
			isa = XCConfigurationList;
			buildConfigurations = (
				779373F51F1368600075824D /* Debug */,
				779373F61F1368600075824D /* Release */,
			);
			defaultConfigurationIsVisible = 0;
		};
/* End XCConfigurationList section */
	};
	rootObject = 779373D81F1368600075824D /* Project object */;
}
